
Microsoft Visual Studio Solution File, Format Version 12.00
# Visual Studio Version 17
VisualStudioVersion = 17.1.32228.430
MinimumVisualStudioVersion = 10.0.40219.1
Project("{FAE04EC0-301F-11D3-BF4B-00C04F79EFBC}") = "BirdGame", "BirdGame.csproj", "{5A3C7CFF-C39F-40CB-A372-EB49C501C901}"
EndProject
Global
	GlobalSection(SolutionConfigurationPlatforms) = preSolution
		Debug|Any CPU = Debug|Any CPU
		Release|Any CPU = Release|Any CPU
	EndGlobalSection
	GlobalSection(ProjectConfigurationPlatforms) = postSolution
		{5A3C7CFF-C39F-40CB-A372-EB49C501C901}.Debug|Any CPU.ActiveCfg = Debug|Any CPU
		{5A3C7CFF-C39F-40CB-A372-EB49C501C901}.Debug|Any CPU.Build.0 = Debug|Any CPU
		{5A3C7CFF-C39F-40CB-A372-EB49C501C901}.Release|Any CPU.ActiveCfg = Release|Any CPU
		{5A3C7CFF-C39F-40CB-A372-EB49C501C901}.Release|Any CPU.Build.0 = Release|Any CPU
	EndGlobalSection
	GlobalSection(SolutionProperties) = preSolution
		HideSolutionNode = FALSE
	EndGlobalSection
	GlobalSection(ExtensibilityGlobals) = postSolution
		SolutionGuid = {DEAB7E00-7F68-4D83-9F9B-307F1616E67E}
	EndGlobalSection
EndGlobal
